
Microsoft Visual Studio Solution File, Format Version 12.00
# Visual Studio Version 16
VisualStudioVersion = 16.0.30503.244
MinimumVisualStudioVersion = 10.0.40219.1
Project("{FAE04EC0-301F-11D3-BF4B-00C04F79EFBC}") = "336Labs", "336Labs\336Labs.csproj", "{A2CD5C75-A004-43F1-B1FB-071E56C155FD}"
EndProject
Global
	GlobalSection(SolutionConfigurationPlatforms) = preSolution
		Debug|Any CPU = Debug|Any CPU
		Release|Any CPU = Release|Any CPU
	EndGlobalSection
	GlobalSection(ProjectConfigurationPlatforms) = postSolution
		{A2CD5C75-A004-43F1-B1FB-071E56C155FD}.Debug|Any CPU.ActiveCfg = Debug|Any CPU
		{A2CD5C75-A004-43F1-B1FB-071E56C155FD}.Debug|Any CPU.Build.0 = Debug|Any CPU
		{A2CD5C75-A004-43F1-B1FB-071E56C155FD}.Release|Any CPU.ActiveCfg = Release|Any CPU
		{A2CD5C75-A004-43F1-B1FB-071E56C155FD}.Release|Any CPU.Build.0 = Release|Any CPU
	EndGlobalSection
	GlobalSection(SolutionProperties) = preSolution
		HideSolutionNode = FALSE
	EndGlobalSection
	GlobalSection(ExtensibilityGlobals) = postSolution
		SolutionGuid = {C863D620-599C-481B-981D-406732A24328}
	EndGlobalSection
EndGlobal
