
Microsoft Visual Studio Solution File, Format Version 12.00
# Visual Studio Version 16
VisualStudioVersion = 16.0.30503.244
MinimumVisualStudioVersion = 10.0.40219.1
Project("{FAE04EC0-301F-11D3-BF4B-00C04F79EFBC}") = "MethodCalculator", "MethodCalculator\MethodCalculator.csproj", "{126DB507-E97F-4D33-B6E7-EC0AE440B6C1}"
EndProject
Global
	GlobalSection(SolutionConfigurationPlatforms) = preSolution
		Debug|Any CPU = Debug|Any CPU
		Release|Any CPU = Release|Any CPU
	EndGlobalSection
	GlobalSection(ProjectConfigurationPlatforms) = postSolution
		{126DB507-E97F-4D33-B6E7-EC0AE440B6C1}.Debug|Any CPU.ActiveCfg = Debug|Any CPU
		{126DB507-E97F-4D33-B6E7-EC0AE440B6C1}.Debug|Any CPU.Build.0 = Debug|Any CPU
		{126DB507-E97F-4D33-B6E7-EC0AE440B6C1}.Release|Any CPU.ActiveCfg = Release|Any CPU
		{126DB507-E97F-4D33-B6E7-EC0AE440B6C1}.Release|Any CPU.Build.0 = Release|Any CPU
	EndGlobalSection
	GlobalSection(SolutionProperties) = preSolution
		HideSolutionNode = FALSE
	EndGlobalSection
	GlobalSection(ExtensibilityGlobals) = postSolution
		SolutionGuid = {7A34C19A-BF72-4DD2-B06A-3214E0B59BAE}
	EndGlobalSection
EndGlobal
